
Microsoft Visual Studio Solution File, Format Version 12.00
# Visual Studio Version 17
VisualStudioVersion = 17.11.35222.181
MinimumVisualStudioVersion = 10.0.40219.1
Project("{9A19103F-16F7-4668-BE54-9A1E7A4F7556}") = "compta", "compta.csproj", "{66D88F85-AB5D-44C4-AF42-CCAD4E41E2F9}"
EndProject
Project("{54435603-DBB4-11D2-8724-00A0C9A8B90C}") = "ComptaSetup", "..\ComptaSetup\ComptaSetup.vdproj", "{701C6E2D-13C6-4500-9FAC-11C3E0AAF91F}"
EndProject
Global
	GlobalSection(SolutionConfigurationPlatforms) = preSolution
		Debug|Any CPU = Debug|Any CPU
		Release|Any CPU = Release|Any CPU
	EndGlobalSection
	GlobalSection(ProjectConfigurationPlatforms) = postSolution
		{66D88F85-AB5D-44C4-AF42-CCAD4E41E2F9}.Debug|Any CPU.ActiveCfg = Debug|Any CPU
		{66D88F85-AB5D-44C4-AF42-CCAD4E41E2F9}.Debug|Any CPU.Build.0 = Debug|Any CPU
		{66D88F85-AB5D-44C4-AF42-CCAD4E41E2F9}.Release|Any CPU.ActiveCfg = Release|Any CPU
		{66D88F85-AB5D-44C4-AF42-CCAD4E41E2F9}.Release|Any CPU.Build.0 = Release|Any CPU
		{701C6E2D-13C6-4500-9FAC-11C3E0AAF91F}.Debug|Any CPU.ActiveCfg = Debug
		{701C6E2D-13C6-4500-9FAC-11C3E0AAF91F}.Release|Any CPU.ActiveCfg = Release
	EndGlobalSection
	GlobalSection(SolutionProperties) = preSolution
		HideSolutionNode = FALSE
	EndGlobalSection
	GlobalSection(ExtensibilityGlobals) = postSolution
		SolutionGuid = {C19A21C6-EFA2-4EF5-9BD5-D320B601185E}
	EndGlobalSection
EndGlobal
